<?xml version="1.0" encoding="UTF-8" standalone="yes" ?>
<CodeBlocks_project_file>
	<FileVersion major="1" minor="6" />
	<Project>
		<Option title="mytl3_cbp" />
		<Option pch_mode="2" />
		<Option compiler="gcc" />
		<Build>
			<Target title="Debug">
				<Option output="bin/Debug/cbp" prefix_auto="1" extension_auto="1" />
				<Option object_output="obj/Debug/" />
				<Option type="1" />
				<Option compiler="gcc" />
				<Compiler>
					<Add option="-g" />
					<Add option="-std=c++17" />
				</Compiler>
			</Target>
			<Target title="Release">
				<Option output="bin/Release/cbp" prefix_auto="1" extension_auto="1" />
				<Option object_output="obj/Release/" />
				<Option type="1" />
				<Option compiler="gcc" />
				<Compiler>
					<Add option="-O2" />
				</Compiler>
				<Linker>
					<Add option="-s" />
				</Linker>
			</Target>
		</Build>
		<Compiler>
			<Add option="-Wall" />
			<Add option="-fexceptions" />
		</Compiler>
		<Unit filename="../src/base.cpp">
			<Option compile="0" />
			<Option link="0" />
		</Unit>
		<Unit filename="../src/convenience.cpp">
			<Option compile="0" />
			<Option link="0" />
		</Unit>
		<Unit filename="../src/geom.cpp">
			<Option compile="0" />
			<Option link="0" />
		</Unit>
		<Unit filename="../src/graph.cpp">
			<Option compile="0" />
			<Option link="0" />
		</Unit>
		<Unit filename="../src/instant_zero.cpp">
			<Option compile="0" />
			<Option link="0" />
		</Unit>
		<Unit filename="../src/modulo.cpp">
			<Option compile="0" />
			<Option link="0" />
		</Unit>
		<Unit filename="../src/modulo_typesafe.cpp">
			<Option compile="0" />
			<Option link="0" />
		</Unit>
		<Unit filename="../src/offline.cpp">
			<Option compile="0" />
			<Option link="0" />
		</Unit>
		<Unit filename="../src/pow.cpp">
			<Option compile="0" />
			<Option link="0" />
		</Unit>
		<Unit filename="../src/recursion.cpp">
			<Option compile="0" />
			<Option link="0" />
		</Unit>
		<Unit filename="../src/segtree.cpp">
			<Option compile="0" />
			<Option link="0" />
		</Unit>
		<Unit filename="../src/unionfind.cpp">
			<Option compile="0" />
			<Option link="0" />
		</Unit>
		<Unit filename="../test/convenience_test.cpp">
			<Option compile="0" />
			<Option link="0" />
		</Unit>
		<Unit filename="../test/geom_test.cpp">
			<Option compile="0" />
			<Option link="0" />
		</Unit>
		<Unit filename="../test/graph_test.cpp">
			<Option compile="0" />
			<Option link="0" />
		</Unit>
		<Unit filename="../test/instant_zero_test.cpp">
			<Option compile="0" />
			<Option link="0" />
		</Unit>
		<Unit filename="../test/modulo_test.cpp">
			<Option compile="0" />
			<Option link="0" />
		</Unit>
		<Unit filename="../test/modulo_typesafe_test.cpp">
			<Option compile="0" />
			<Option link="0" />
		</Unit>
		<Unit filename="../test/offline_test.cpp">
			<Option compile="0" />
			<Option link="0" />
		</Unit>
		<Unit filename="../test/pow_test.cpp">
			<Option compile="0" />
			<Option link="0" />
		</Unit>
		<Unit filename="../test/recursion_test.cpp">
			<Option compile="0" />
			<Option link="0" />
		</Unit>
		<Unit filename="../test/segtree_test.cpp">
			<Option compile="0" />
			<Option link="0" />
		</Unit>
		<Unit filename="../test/unionfind_test.cpp">
			<Option compile="0" />
			<Option link="0" />
		</Unit>
		<Unit filename="main.cpp" />
		<Extensions>
			<code_completion />
			<debugger />
			<envvars />
		</Extensions>
	</Project>
</CodeBlocks_project_file>
