<?xml version="1.0" encoding="UTF-8" standalone="yes" ?>
<CodeBlocks_project_file>
	<FileVersion major="1" minor="6" />
	<Project>
		<Option title="mytl3_cbp" />
		<Option pch_mode="2" />
		<Option compiler="gcc" />
		<Build>
			<Target title="Debug">
				<Option output="bin/Debug/cbp" prefix_auto="1" extension_auto="1" />
				<Option object_output="obj/Debug/" />
				<Option type="1" />
				<Option compiler="gcc" />
				<Compiler>
					<Add option="-g" />
				</Compiler>
			</Target>
			<Target title="Release">
				<Option output="bin/Release/cbp" prefix_auto="1" extension_auto="1" />
				<Option object_output="obj/Release/" />
				<Option type="1" />
				<Option compiler="gcc" />
				<Compiler>
					<Add option="-O2" />
				</Compiler>
				<Linker>
					<Add option="-s" />
				</Linker>
			</Target>
		</Build>
		<Compiler>
			<Add option="-Wall" />
			<Add option="-fexceptions" />
		</Compiler>
		<Unit filename="../src/geom.cpp">
			<Option link="0" />
		</Unit>
		<Unit filename="../src/memo.cpp">
			<Option link="0" />
		</Unit>
		<Unit filename="../src/modulo.cpp">
			<Option link="0" />
		</Unit>
		<Unit filename="../src/offline.cpp">
			<Option link="0" />
		</Unit>
		<Unit filename="../src/pow.cpp">
			<Option link="0" />
		</Unit>
		<Unit filename="../src/segtree.cpp">
			<Option link="0" />
		</Unit>
		<Unit filename="../test/geom_test.cpp" />
		<Unit filename="../test/memo_test.cpp" />
		<Unit filename="../test/modulo_test.cpp" />
		<Unit filename="../test/offline_test.cpp" />
		<Unit filename="../test/pow_test.cpp" />
		<Unit filename="../test/segtree_test.cpp" />
		<Unit filename="main.cpp" />
		<Unit filename="test.h" />
		<Extensions>
			<code_completion />
			<debugger />
		</Extensions>
	</Project>
</CodeBlocks_project_file>
